
Microsoft Visual Studio Solution File, Format Version 12.00
# Visual Studio Version 16
VisualStudioVersion = 16.0.30002.166
MinimumVisualStudioVersion = 10.0.40219.1
Project("{888888A0-9F3D-457C-B088-3A5042F75D52}") = "RopeModel", "RopeModel.pyproj", "{95F24FB6-EB91-45C6-9BE7-3F05F6553434}"
EndProject
Global
	GlobalSection(SolutionConfigurationPlatforms) = preSolution
		Debug|Any CPU = Debug|Any CPU
		Release|Any CPU = Release|Any CPU
	EndGlobalSection
	GlobalSection(ProjectConfigurationPlatforms) = postSolution
		{95F24FB6-EB91-45C6-9BE7-3F05F6553434}.Debug|Any CPU.ActiveCfg = Debug|Any CPU
		{95F24FB6-EB91-45C6-9BE7-3F05F6553434}.Release|Any CPU.ActiveCfg = Release|Any CPU
	EndGlobalSection
	GlobalSection(SolutionProperties) = preSolution
		HideSolutionNode = FALSE
	EndGlobalSection
	GlobalSection(ExtensibilityGlobals) = postSolution
		SolutionGuid = {3E1B9E65-697A-44FC-A373-D9A6D419FAE9}
	EndGlobalSection
EndGlobal
